
Microsoft Visual Studio Solution File, Format Version 12.00
# Visual Studio 14
VisualStudioVersion = 14.0.25420.1
MinimumVisualStudioVersion = 10.0.40219.1
Project("{FAE04EC0-301F-11D3-BF4B-00C04F79EFBC}") = "Cukiernia", "Cukiernia\Cukiernia.csproj", "{C3683C53-7396-4272-8134-5B6FF2BF835E}"
EndProject
Project("{FAE04EC0-301F-11D3-BF4B-00C04F79EFBC}") = "Cukiernia.Tests", "Cukiernia.Tests\Cukiernia.Tests.csproj", "{8B0AAC91-6054-4A1E-BA21-81CEA8FCA8DD}"
EndProject
Global
	GlobalSection(SolutionConfigurationPlatforms) = preSolution
		Debug|Any CPU = Debug|Any CPU
		Release|Any CPU = Release|Any CPU
	EndGlobalSection
	GlobalSection(ProjectConfigurationPlatforms) = postSolution
		{C3683C53-7396-4272-8134-5B6FF2BF835E}.Debug|Any CPU.ActiveCfg = Debug|Any CPU
		{C3683C53-7396-4272-8134-5B6FF2BF835E}.Debug|Any CPU.Build.0 = Debug|Any CPU
		{C3683C53-7396-4272-8134-5B6FF2BF835E}.Release|Any CPU.ActiveCfg = Release|Any CPU
		{C3683C53-7396-4272-8134-5B6FF2BF835E}.Release|Any CPU.Build.0 = Release|Any CPU
		{8B0AAC91-6054-4A1E-BA21-81CEA8FCA8DD}.Debug|Any CPU.ActiveCfg = Debug|Any CPU
		{8B0AAC91-6054-4A1E-BA21-81CEA8FCA8DD}.Debug|Any CPU.Build.0 = Debug|Any CPU
		{8B0AAC91-6054-4A1E-BA21-81CEA8FCA8DD}.Release|Any CPU.ActiveCfg = Release|Any CPU
		{8B0AAC91-6054-4A1E-BA21-81CEA8FCA8DD}.Release|Any CPU.Build.0 = Release|Any CPU
	EndGlobalSection
	GlobalSection(SolutionProperties) = preSolution
		HideSolutionNode = FALSE
	EndGlobalSection
EndGlobal
